{
  "lockfile_version": "1",
  "packages": {
    "ant@1.10.15": {
      "last_modified": "2025-04-17T05:47:26Z",
      "resolved": "github:NixOS/nixpkgs/ebe4301cbd8f81c4f8d3244b3632338bbeb6d49c#ant",
      "source": "devbox-search",
      "version": "1.10.15",
      "systems": {
        "aarch64-darwin": {
          "outputs": [
            {
              "name": "out",
              "path": "/nix/store/kczrzk7mp9ylqhdh0l8g4lvcmnx4wr7n-ant-1.10.15",
              "default": true
            }
          ],
          "store_path": "/nix/store/kczrzk7mp9ylqhdh0l8g4lvcmnx4wr7n-ant-1.10.15"
        },
        "aarch64-linux": {
          "outputs": [
            {
              "name": "out",
              "path": "/nix/store/dpfq3cmblpnd3zy0d4jcimbignh383mq-ant-1.10.15",
              "default": true
            }
          ],
          "store_path": "/nix/store/dpfq3cmblpnd3zy0d4jcimbignh383mq-ant-1.10.15"
        },
        "x86_64-darwin": {
          "outputs": [
            {
              "name": "out",
              "path": "/nix/store/c4w7qfwv5g45kkz01cs8g5k6ivv08p9f-ant-1.10.15",
              "default": true
            }
          ],
          "store_path": "/nix/store/c4w7qfwv5g45kkz01cs8g5k6ivv08p9f-ant-1.10.15"
        },
        "x86_64-linux": {
          "outputs": [
            {
              "name": "out",
              "path": "/nix/store/ip4cpifl82i80wnilalfp6w0nziv0p92-ant-1.10.15",
              "default": true
            }
          ],
          "store_path": "/nix/store/ip4cpifl82i80wnilalfp6w0nziv0p92-ant-1.10.15"
        }
      }
    }
  }
}
